
Microsoft Visual Studio Solution File, Format Version 12.00
# Visual Studio Version 17
VisualStudioVersion = 17.11.35111.106
MinimumVisualStudioVersion = 10.0.40219.1
Project("{2150E333-8FDC-42A3-9474-1A3956D46DE8}") = "Core", "Core", "{CC478E7C-5F64-4E45-93E9-CBAA4548A254}"
EndProject
Project("{2150E333-8FDC-42A3-9474-1A3956D46DE8}") = "İnfrastructure", "İnfrastructure", "{544B7AE8-DFDD-4A0B-AFD8-A782FA4EC208}"
EndProject
Project("{9A19103F-16F7-4668-BE54-9A1E7A4F7556}") = "EcommerceApi.Application", "Core\EcommerceApi.Application\EcommerceApi.Application.csproj", "{A14F0297-F303-4A82-8D72-B01351380CFB}"
EndProject
Project("{9A19103F-16F7-4668-BE54-9A1E7A4F7556}") = "EcommerceApi.Domen", "Core\EcommerceApi.Domen\EcommerceApi.Domen.csproj", "{0B5C9B53-4793-4852-9363-3B73FA76727A}"
EndProject
Project("{9A19103F-16F7-4668-BE54-9A1E7A4F7556}") = "EcommerceApi.İnfrastructure", "İnfrastructure\EcommerceApi.İnfrastructure\EcommerceApi.İnfrastructure.csproj", "{8188CEB2-D4B5-4083-8BF7-4FF1D76C9387}"
EndProject
Project("{9A19103F-16F7-4668-BE54-9A1E7A4F7556}") = "EcomerceApi.Persistence", "İnfrastructure\EcomerceApi.Persistence\EcomerceApi.Persistence.csproj", "{C36BCECC-2C7C-4CB5-BB6F-889645953E7F}"
EndProject
Project("{2150E333-8FDC-42A3-9474-1A3956D46DE8}") = "Presentation", "Presentation", "{B3A395EA-8AE0-482F-BE86-AB8A46A2579A}"
EndProject
Project("{FAE04EC0-301F-11D3-BF4B-00C04F79EFBC}") = "EcommerceApi.APİ", "Presentation\EcommerceApi.APİ\EcommerceApi.APİ.csproj", "{C3A08CE0-AF89-4509-AF3F-5A4ACD00DE73}"
EndProject
Global
	GlobalSection(SolutionConfigurationPlatforms) = preSolution
		Debug|Any CPU = Debug|Any CPU
		Release|Any CPU = Release|Any CPU
	EndGlobalSection
	GlobalSection(ProjectConfigurationPlatforms) = postSolution
		{A14F0297-F303-4A82-8D72-B01351380CFB}.Debug|Any CPU.ActiveCfg = Debug|Any CPU
		{A14F0297-F303-4A82-8D72-B01351380CFB}.Debug|Any CPU.Build.0 = Debug|Any CPU
		{A14F0297-F303-4A82-8D72-B01351380CFB}.Release|Any CPU.ActiveCfg = Release|Any CPU
		{A14F0297-F303-4A82-8D72-B01351380CFB}.Release|Any CPU.Build.0 = Release|Any CPU
		{0B5C9B53-4793-4852-9363-3B73FA76727A}.Debug|Any CPU.ActiveCfg = Debug|Any CPU
		{0B5C9B53-4793-4852-9363-3B73FA76727A}.Debug|Any CPU.Build.0 = Debug|Any CPU
		{0B5C9B53-4793-4852-9363-3B73FA76727A}.Release|Any CPU.ActiveCfg = Release|Any CPU
		{0B5C9B53-4793-4852-9363-3B73FA76727A}.Release|Any CPU.Build.0 = Release|Any CPU
		{8188CEB2-D4B5-4083-8BF7-4FF1D76C9387}.Debug|Any CPU.ActiveCfg = Debug|Any CPU
		{8188CEB2-D4B5-4083-8BF7-4FF1D76C9387}.Debug|Any CPU.Build.0 = Debug|Any CPU
		{8188CEB2-D4B5-4083-8BF7-4FF1D76C9387}.Release|Any CPU.ActiveCfg = Release|Any CPU
		{8188CEB2-D4B5-4083-8BF7-4FF1D76C9387}.Release|Any CPU.Build.0 = Release|Any CPU
		{C36BCECC-2C7C-4CB5-BB6F-889645953E7F}.Debug|Any CPU.ActiveCfg = Debug|Any CPU
		{C36BCECC-2C7C-4CB5-BB6F-889645953E7F}.Debug|Any CPU.Build.0 = Debug|Any CPU
		{C36BCECC-2C7C-4CB5-BB6F-889645953E7F}.Release|Any CPU.ActiveCfg = Release|Any CPU
		{C36BCECC-2C7C-4CB5-BB6F-889645953E7F}.Release|Any CPU.Build.0 = Release|Any CPU
		{C3A08CE0-AF89-4509-AF3F-5A4ACD00DE73}.Debug|Any CPU.ActiveCfg = Debug|Any CPU
		{C3A08CE0-AF89-4509-AF3F-5A4ACD00DE73}.Debug|Any CPU.Build.0 = Debug|Any CPU
		{C3A08CE0-AF89-4509-AF3F-5A4ACD00DE73}.Release|Any CPU.ActiveCfg = Release|Any CPU
		{C3A08CE0-AF89-4509-AF3F-5A4ACD00DE73}.Release|Any CPU.Build.0 = Release|Any CPU
	EndGlobalSection
	GlobalSection(SolutionProperties) = preSolution
		HideSolutionNode = FALSE
	EndGlobalSection
	GlobalSection(NestedProjects) = preSolution
		{A14F0297-F303-4A82-8D72-B01351380CFB} = {CC478E7C-5F64-4E45-93E9-CBAA4548A254}
		{0B5C9B53-4793-4852-9363-3B73FA76727A} = {CC478E7C-5F64-4E45-93E9-CBAA4548A254}
		{8188CEB2-D4B5-4083-8BF7-4FF1D76C9387} = {544B7AE8-DFDD-4A0B-AFD8-A782FA4EC208}
		{C36BCECC-2C7C-4CB5-BB6F-889645953E7F} = {544B7AE8-DFDD-4A0B-AFD8-A782FA4EC208}
		{C3A08CE0-AF89-4509-AF3F-5A4ACD00DE73} = {B3A395EA-8AE0-482F-BE86-AB8A46A2579A}
	EndGlobalSection
	GlobalSection(ExtensibilityGlobals) = postSolution
		SolutionGuid = {B97E5350-B76E-44DA-935D-813DDC1C6B62}
	EndGlobalSection
EndGlobal
